// !$*UTF8*$!
{
	archiveVersion = 1;
	classes = {
	};
	objectVersion = 50;
	objects = {

/* Begin PBXBuildFile section */
		176EC46D49DF2225D05AA02D /* libPods-BCGMusicPlayyerUITest.a in Frameworks */ = {isa = PBXBuildFile; fileRef = DBC36AFFE048765214F441F4 /* libPods-BCGMusicPlayyerUITest.a */; };
		DE8CC9B326A41F9B003F1CEE /* BCGMusicPlayyerUITest.m in Sources */ = {isa = PBXBuildFile; fileRef = DE8CC9B226A41F9B003F1CEE /* BCGMusicPlayyerUITest.m */; };
		DE8CC9D326A431E6003F1CEE /* uicomponents.framework in Frameworks */ = {isa = PBXBuildFile; fileRef = DE8CC9D226A431E6003F1CEE /* uicomponents.framework */; };
		DE8CC9D426A431E6003F1CEE /* uicomponents.framework in Embed Frameworks */ = {isa = PBXBuildFile; fileRef = DE8CC9D226A431E6003F1CEE /* uicomponents.framework */; settings = {ATTRIBUTES = (CodeSignOnCopy, RemoveHeadersOnCopy, ); }; };
		DEDC528E269AFDB3006BF1CA /* MainViewModel.m in Sources */ = {isa = PBXBuildFile; fileRef = DEDC528D269AFDB3006BF1CA /* MainViewModel.m */; };
		DEDC5292269AFDDD006BF1CA /* MusicModel.m in Sources */ = {isa = PBXBuildFile; fileRef = DEDC5291269AFDDD006BF1CA /* MusicModel.m */; };
		DEE8BD3F269C38C2008073E7 /* MusicCardTableViewCell.m in Sources */ = {isa = PBXBuildFile; fileRef = DEE8BD25269C37D2008073E7 /* MusicCardTableViewCell.m */; };
		DEE8BD4C269C3934008073E7 /* MusicCardTableViewCell.xib in Resources */ = {isa = PBXBuildFile; fileRef = DEE8BD24269C37D2008073E7 /* MusicCardTableViewCell.xib */; };
		DEE8BD5E269C39E7008073E7 /* NetworkingObject.m in Sources */ = {isa = PBXBuildFile; fileRef = DEE8BD5D269C39E7008073E7 /* NetworkingObject.m */; };
		DEE8BD87269C3C04008073E7 /* GetMusicAPI.m in Sources */ = {isa = PBXBuildFile; fileRef = DEE8BD86269C3C04008073E7 /* GetMusicAPI.m */; };
		DEE8BD8B269C3D66008073E7 /* BasicAPIRequestServices.m in Sources */ = {isa = PBXBuildFile; fileRef = DEE8BD8A269C3D66008073E7 /* BasicAPIRequestServices.m */; };
		DEE8BD94269C3F4A008073E7 /* Security.framework in Frameworks */ = {isa = PBXBuildFile; fileRef = DEE8BD93269C3F4A008073E7 /* Security.framework */; };
		DEE8BD98269C3F8D008073E7 /* Serializer.m in Sources */ = {isa = PBXBuildFile; fileRef = DEE8BD97269C3F8D008073E7 /* Serializer.m */; };
		DEE8BDB1269C42F5008073E7 /* DTOGetMusic.m in Sources */ = {isa = PBXBuildFile; fileRef = DEE8BDB0269C42F5008073E7 /* DTOGetMusic.m */; };
		DEE8BDB4269C4341008073E7 /* BaseDTO.m in Sources */ = {isa = PBXBuildFile; fileRef = DEE8BDB3269C4341008073E7 /* BaseDTO.m */; };
		DEE8BDC2269C7A7F008073E7 /* AVKit.framework in Frameworks */ = {isa = PBXBuildFile; fileRef = DEE8BDC1269C7A7F008073E7 /* AVKit.framework */; };
		DEFF01DB269A185F00A21F86 /* AppDelegate.m in Sources */ = {isa = PBXBuildFile; fileRef = DEFF01DA269A185F00A21F86 /* AppDelegate.m */; };
		DEFF01DE269A185F00A21F86 /* SceneDelegate.m in Sources */ = {isa = PBXBuildFile; fileRef = DEFF01DD269A185F00A21F86 /* SceneDelegate.m */; };
		DEFF01E1269A185F00A21F86 /* MainViewController.m in Sources */ = {isa = PBXBuildFile; fileRef = DEFF01E0269A185F00A21F86 /* MainViewController.m */; };
		DEFF01E4269A185F00A21F86 /* Main.storyboard in Resources */ = {isa = PBXBuildFile; fileRef = DEFF01E2269A185F00A21F86 /* Main.storyboard */; };
		DEFF01E9269A186000A21F86 /* LaunchScreen.storyboard in Resources */ = {isa = PBXBuildFile; fileRef = DEFF01E7269A186000A21F86 /* LaunchScreen.storyboard */; };
		DEFF01EC269A186000A21F86 /* main.m in Sources */ = {isa = PBXBuildFile; fileRef = DEFF01EB269A186000A21F86 /* main.m */; };
		EC77CD34688723A3A687F9D9 /* libPods-BCGMusicPLayyer.a in Frameworks */ = {isa = PBXBuildFile; fileRef = B1BFB31CDF49FA5FCB84D9FA /* libPods-BCGMusicPLayyer.a */; };
/* End PBXBuildFile section */

/* Begin PBXContainerItemProxy section */
		DE8CC9B526A41F9B003F1CEE /* PBXContainerItemProxy */ = {
			isa = PBXContainerItemProxy;
			containerPortal = DEFF01CE269A185F00A21F86 /* Project object */;
			proxyType = 1;
			remoteGlobalIDString = DEFF01D5269A185F00A21F86;
			remoteInfo = BCGMusicPLayyer;
		};
/* End PBXContainerItemProxy section */

/* Begin PBXCopyFilesBuildPhase section */
		DE8CC9D526A431E6003F1CEE /* Embed Frameworks */ = {
			isa = PBXCopyFilesBuildPhase;
			buildActionMask = 2147483647;
			dstPath = "";
			dstSubfolderSpec = 10;
			files = (
				DE8CC9D426A431E6003F1CEE /* uicomponents.framework in Embed Frameworks */,
			);
			name = "Embed Frameworks";
			runOnlyForDeploymentPostprocessing = 0;
		};
/* End PBXCopyFilesBuildPhase section */

/* Begin PBXFileReference section */
		0C8D545C1A289C10D09C4B51 /* Pods-BCGMusicPlayyerUITest.debug.xcconfig */ = {isa = PBXFileReference; includeInIndex = 1; lastKnownFileType = text.xcconfig; name = "Pods-BCGMusicPlayyerUITest.debug.xcconfig"; path = "Target Support Files/Pods-BCGMusicPlayyerUITest/Pods-BCGMusicPlayyerUITest.debug.xcconfig"; sourceTree = "<group>"; };
		1C14B05C279D55799455FC60 /* Pods-BCGMusicPLayyer.debug.xcconfig */ = {isa = PBXFileReference; includeInIndex = 1; lastKnownFileType = text.xcconfig; name = "Pods-BCGMusicPLayyer.debug.xcconfig"; path = "Target Support Files/Pods-BCGMusicPLayyer/Pods-BCGMusicPLayyer.debug.xcconfig"; sourceTree = "<group>"; };
		4B155342DEE783FF3B1A23F5 /* Pods-BCGMusicPlayyerUITest.release.xcconfig */ = {isa = PBXFileReference; includeInIndex = 1; lastKnownFileType = text.xcconfig; name = "Pods-BCGMusicPlayyerUITest.release.xcconfig"; path = "Target Support Files/Pods-BCGMusicPlayyerUITest/Pods-BCGMusicPlayyerUITest.release.xcconfig"; sourceTree = "<group>"; };
		6F23884E54CD7D1A979B755A /* Pods-BCGMusicPLayyer.release.xcconfig */ = {isa = PBXFileReference; includeInIndex = 1; lastKnownFileType = text.xcconfig; name = "Pods-BCGMusicPLayyer.release.xcconfig"; path = "Target Support Files/Pods-BCGMusicPLayyer/Pods-BCGMusicPLayyer.release.xcconfig"; sourceTree = "<group>"; };
		B1BFB31CDF49FA5FCB84D9FA /* libPods-BCGMusicPLayyer.a */ = {isa = PBXFileReference; explicitFileType = archive.ar; includeInIndex = 0; path = "libPods-BCGMusicPLayyer.a"; sourceTree = BUILT_PRODUCTS_DIR; };
		DBC36AFFE048765214F441F4 /* libPods-BCGMusicPlayyerUITest.a */ = {isa = PBXFileReference; explicitFileType = archive.ar; includeInIndex = 0; path = "libPods-BCGMusicPlayyerUITest.a"; sourceTree = BUILT_PRODUCTS_DIR; };
		DE8CC9B026A41F9B003F1CEE /* BCGMusicPlayyerUITest.xctest */ = {isa = PBXFileReference; explicitFileType = wrapper.cfbundle; includeInIndex = 0; path = BCGMusicPlayyerUITest.xctest; sourceTree = BUILT_PRODUCTS_DIR; };
		DE8CC9B226A41F9B003F1CEE /* BCGMusicPlayyerUITest.m */ = {isa = PBXFileReference; lastKnownFileType = sourcecode.c.objc; path = BCGMusicPlayyerUITest.m; sourceTree = "<group>"; };
		DE8CC9B426A41F9B003F1CEE /* Info.plist */ = {isa = PBXFileReference; lastKnownFileType = text.plist.xml; path = Info.plist; sourceTree = "<group>"; };
		DE8CC9D226A431E6003F1CEE /* uicomponents.framework */ = {isa = PBXFileReference; explicitFileType = wrapper.framework; path = uicomponents.framework; sourceTree = BUILT_PRODUCTS_DIR; };
		DEDC528C269AFDB3006BF1CA /* MainViewModel.h */ = {isa = PBXFileReference; lastKnownFileType = sourcecode.c.h; path = MainViewModel.h; sourceTree = "<group>"; };
		DEDC528D269AFDB3006BF1CA /* MainViewModel.m */ = {isa = PBXFileReference; lastKnownFileType = sourcecode.c.objc; path = MainViewModel.m; sourceTree = "<group>"; };
		DEDC5290269AFDDD006BF1CA /* MusicModel.h */ = {isa = PBXFileReference; lastKnownFileType = sourcecode.c.h; path = MusicModel.h; sourceTree = "<group>"; };
		DEDC5291269AFDDD006BF1CA /* MusicModel.m */ = {isa = PBXFileReference; lastKnownFileType = sourcecode.c.objc; path = MusicModel.m; sourceTree = "<group>"; };
		DEE8BD24269C37D2008073E7 /* MusicCardTableViewCell.xib */ = {isa = PBXFileReference; lastKnownFileType = file.xib; path = MusicCardTableViewCell.xib; sourceTree = "<group>"; };
		DEE8BD25269C37D2008073E7 /* MusicCardTableViewCell.m */ = {isa = PBXFileReference; lastKnownFileType = sourcecode.c.objc; path = MusicCardTableViewCell.m; sourceTree = "<group>"; };
		DEE8BD26269C37D2008073E7 /* MusicCardTableViewCell.h */ = {isa = PBXFileReference; lastKnownFileType = sourcecode.c.h; path = MusicCardTableViewCell.h; sourceTree = "<group>"; };
		DEE8BD5C269C39E7008073E7 /* NetworkingObject.h */ = {isa = PBXFileReference; lastKnownFileType = sourcecode.c.h; path = NetworkingObject.h; sourceTree = "<group>"; };
		DEE8BD5D269C39E7008073E7 /* NetworkingObject.m */ = {isa = PBXFileReference; lastKnownFileType = sourcecode.c.objc; path = NetworkingObject.m; sourceTree = "<group>"; };
		DEE8BD85269C3C04008073E7 /* GetMusicAPI.h */ = {isa = PBXFileReference; lastKnownFileType = sourcecode.c.h; path = GetMusicAPI.h; sourceTree = "<group>"; };
		DEE8BD86269C3C04008073E7 /* GetMusicAPI.m */ = {isa = PBXFileReference; lastKnownFileType = sourcecode.c.objc; path = GetMusicAPI.m; sourceTree = "<group>"; };
		DEE8BD89269C3D66008073E7 /* BasicAPIRequestServices.h */ = {isa = PBXFileReference; lastKnownFileType = sourcecode.c.h; path = BasicAPIRequestServices.h; sourceTree = "<group>"; };
		DEE8BD8A269C3D66008073E7 /* BasicAPIRequestServices.m */ = {isa = PBXFileReference; lastKnownFileType = sourcecode.c.objc; path = BasicAPIRequestServices.m; sourceTree = "<group>"; };
		DEE8BD93269C3F4A008073E7 /* Security.framework */ = {isa = PBXFileReference; lastKnownFileType = wrapper.framework; name = Security.framework; path = System/Library/Frameworks/Security.framework; sourceTree = SDKROOT; };
		DEE8BD96269C3F8D008073E7 /* Serializer.h */ = {isa = PBXFileReference; lastKnownFileType = sourcecode.c.h; path = Serializer.h; sourceTree = "<group>"; };
		DEE8BD97269C3F8D008073E7 /* Serializer.m */ = {isa = PBXFileReference; lastKnownFileType = sourcecode.c.objc; path = Serializer.m; sourceTree = "<group>"; };
		DEE8BDAF269C42F5008073E7 /* DTOGetMusic.h */ = {isa = PBXFileReference; lastKnownFileType = sourcecode.c.h; path = DTOGetMusic.h; sourceTree = "<group>"; };
		DEE8BDB0269C42F5008073E7 /* DTOGetMusic.m */ = {isa = PBXFileReference; lastKnownFileType = sourcecode.c.objc; path = DTOGetMusic.m; sourceTree = "<group>"; };
		DEE8BDB2269C4341008073E7 /* BaseDTO.h */ = {isa = PBXFileReference; lastKnownFileType = sourcecode.c.h; path = BaseDTO.h; sourceTree = "<group>"; };
		DEE8BDB3269C4341008073E7 /* BaseDTO.m */ = {isa = PBXFileReference; lastKnownFileType = sourcecode.c.objc; path = BaseDTO.m; sourceTree = "<group>"; };
		DEE8BDC1269C7A7F008073E7 /* AVKit.framework */ = {isa = PBXFileReference; lastKnownFileType = wrapper.framework; name = AVKit.framework; path = System/Library/Frameworks/AVKit.framework; sourceTree = SDKROOT; };
		DEFF01D6269A185F00A21F86 /* BCGMusicPLayyer.app */ = {isa = PBXFileReference; explicitFileType = wrapper.application; includeInIndex = 0; path = BCGMusicPLayyer.app; sourceTree = BUILT_PRODUCTS_DIR; };
		DEFF01D9269A185F00A21F86 /* AppDelegate.h */ = {isa = PBXFileReference; lastKnownFileType = sourcecode.c.h; path = AppDelegate.h; sourceTree = "<group>"; };
		DEFF01DA269A185F00A21F86 /* AppDelegate.m */ = {isa = PBXFileReference; lastKnownFileType = sourcecode.c.objc; path = AppDelegate.m; sourceTree = "<group>"; };
		DEFF01DC269A185F00A21F86 /* SceneDelegate.h */ = {isa = PBXFileReference; lastKnownFileType = sourcecode.c.h; path = SceneDelegate.h; sourceTree = "<group>"; };
		DEFF01DD269A185F00A21F86 /* SceneDelegate.m */ = {isa = PBXFileReference; lastKnownFileType = sourcecode.c.objc; path = SceneDelegate.m; sourceTree = "<group>"; };
		DEFF01DF269A185F00A21F86 /* MainViewController.h */ = {isa = PBXFileReference; lastKnownFileType = sourcecode.c.h; path = MainViewController.h; sourceTree = "<group>"; };
		DEFF01E0269A185F00A21F86 /* MainViewController.m */ = {isa = PBXFileReference; lastKnownFileType = sourcecode.c.objc; path = MainViewController.m; sourceTree = "<group>"; };
		DEFF01E3269A185F00A21F86 /* Base */ = {isa = PBXFileReference; lastKnownFileType = file.storyboard; name = Base; path = Base.lproj/Main.storyboard; sourceTree = "<group>"; };
		DEFF01E8269A186000A21F86 /* Base */ = {isa = PBXFileReference; lastKnownFileType = file.storyboard; name = Base; path = Base.lproj/LaunchScreen.storyboard; sourceTree = "<group>"; };
		DEFF01EA269A186000A21F86 /* Info.plist */ = {isa = PBXFileReference; lastKnownFileType = text.plist.xml; path = Info.plist; sourceTree = "<group>"; };
		DEFF01EB269A186000A21F86 /* main.m */ = {isa = PBXFileReference; lastKnownFileType = sourcecode.c.objc; path = main.m; sourceTree = "<group>"; };
/* End PBXFileReference section */

/* Begin PBXFrameworksBuildPhase section */
		DE8CC9AD26A41F9B003F1CEE /* Frameworks */ = {
			isa = PBXFrameworksBuildPhase;
			buildActionMask = 2147483647;
			files = (
				176EC46D49DF2225D05AA02D /* libPods-BCGMusicPlayyerUITest.a in Frameworks */,
			);
			runOnlyForDeploymentPostprocessing = 0;
		};
		DEFF01D3269A185F00A21F86 /* Frameworks */ = {
			isa = PBXFrameworksBuildPhase;
			buildActionMask = 2147483647;
			files = (
				DEE8BD94269C3F4A008073E7 /* Security.framework in Frameworks */,
				DEE8BDC2269C7A7F008073E7 /* AVKit.framework in Frameworks */,
				DE8CC9D326A431E6003F1CEE /* uicomponents.framework in Frameworks */,
				EC77CD34688723A3A687F9D9 /* libPods-BCGMusicPLayyer.a in Frameworks */,
			);
			runOnlyForDeploymentPostprocessing = 0;
		};
/* End PBXFrameworksBuildPhase section */

/* Begin PBXGroup section */
		6E7D947C3CD6D24BE3B885BD /* Frameworks */ = {
			isa = PBXGroup;
			children = (
				DE8CC9D226A431E6003F1CEE /* uicomponents.framework */,
				DEE8BDC1269C7A7F008073E7 /* AVKit.framework */,
				DEE8BD93269C3F4A008073E7 /* Security.framework */,
				B1BFB31CDF49FA5FCB84D9FA /* libPods-BCGMusicPLayyer.a */,
				DBC36AFFE048765214F441F4 /* libPods-BCGMusicPlayyerUITest.a */,
			);
			name = Frameworks;
			sourceTree = "<group>";
		};
		AC8AA3D398ABB56565301817 /* Pods */ = {
			isa = PBXGroup;
			children = (
				1C14B05C279D55799455FC60 /* Pods-BCGMusicPLayyer.debug.xcconfig */,
				6F23884E54CD7D1A979B755A /* Pods-BCGMusicPLayyer.release.xcconfig */,
				0C8D545C1A289C10D09C4B51 /* Pods-BCGMusicPlayyerUITest.debug.xcconfig */,
				4B155342DEE783FF3B1A23F5 /* Pods-BCGMusicPlayyerUITest.release.xcconfig */,
			);
			path = Pods;
			sourceTree = "<group>";
		};
		DE8CC9B126A41F9B003F1CEE /* BCGMusicPlayyerUITest */ = {
			isa = PBXGroup;
			children = (
				DE8CC9B226A41F9B003F1CEE /* BCGMusicPlayyerUITest.m */,
				DE8CC9B426A41F9B003F1CEE /* Info.plist */,
			);
			path = BCGMusicPlayyerUITest;
			sourceTree = "<group>";
		};
		DED3FFB6269A18F3009DA4D0 /* ViewModels */ = {
			isa = PBXGroup;
			children = (
				DEDC528C269AFDB3006BF1CA /* MainViewModel.h */,
				DEDC528D269AFDB3006BF1CA /* MainViewModel.m */,
			);
			path = ViewModels;
			sourceTree = "<group>";
		};
		DED3FFB7269A18F8009DA4D0 /* Models */ = {
			isa = PBXGroup;
			children = (
				DEDC5290269AFDDD006BF1CA /* MusicModel.h */,
				DEDC5291269AFDDD006BF1CA /* MusicModel.m */,
			);
			path = Models;
			sourceTree = "<group>";
		};
		DED3FFB8269A18FD009DA4D0 /* Views */ = {
			isa = PBXGroup;
			children = (
				DEE8BD23269C37CC008073E7 /* UIViewCells */,
				DEFF01DF269A185F00A21F86 /* MainViewController.h */,
				DEFF01E0269A185F00A21F86 /* MainViewController.m */,
			);
			path = Views;
			sourceTree = "<group>";
		};
		DED3FFB9269A1947009DA4D0 /* Storyboards */ = {
			isa = PBXGroup;
			children = (
				DEFF01E2269A185F00A21F86 /* Main.storyboard */,
			);
			path = Storyboards;
			sourceTree = "<group>";
		};
		DEE8BD23269C37CC008073E7 /* UIViewCells */ = {
			isa = PBXGroup;
			children = (
				DEE8BD26269C37D2008073E7 /* MusicCardTableViewCell.h */,
				DEE8BD25269C37D2008073E7 /* MusicCardTableViewCell.m */,
				DEE8BD24269C37D2008073E7 /* MusicCardTableViewCell.xib */,
			);
			path = UIViewCells;
			sourceTree = "<group>";
		};
		DEE8BD59269C39A6008073E7 /* Networking */ = {
			isa = PBXGroup;
			children = (
				DEE8BD5C269C39E7008073E7 /* NetworkingObject.h */,
				DEE8BD5D269C39E7008073E7 /* NetworkingObject.m */,
			);
			path = Networking;
			sourceTree = "<group>";
		};
		DEE8BD84269C3BF1008073E7 /* API */ = {
			isa = PBXGroup;
			children = (
				DEE8BDAE269C42D1008073E7 /* DTO */,
				DEE8BD95269C3F80008073E7 /* Serializer */,
				DEE8BD88269C3D53008073E7 /* BaseAPI */,
				DEE8BD85269C3C04008073E7 /* GetMusicAPI.h */,
				DEE8BD86269C3C04008073E7 /* GetMusicAPI.m */,
			);
			path = API;
			sourceTree = "<group>";
		};
		DEE8BD88269C3D53008073E7 /* BaseAPI */ = {
			isa = PBXGroup;
			children = (
				DEE8BD89269C3D66008073E7 /* BasicAPIRequestServices.h */,
				DEE8BD8A269C3D66008073E7 /* BasicAPIRequestServices.m */,
			);
			path = BaseAPI;
			sourceTree = "<group>";
		};
		DEE8BD95269C3F80008073E7 /* Serializer */ = {
			isa = PBXGroup;
			children = (
				DEE8BD96269C3F8D008073E7 /* Serializer.h */,
				DEE8BD97269C3F8D008073E7 /* Serializer.m */,
			);
			path = Serializer;
			sourceTree = "<group>";
		};
		DEE8BDAE269C42D1008073E7 /* DTO */ = {
			isa = PBXGroup;
			children = (
				DEE8BDAF269C42F5008073E7 /* DTOGetMusic.h */,
				DEE8BDB0269C42F5008073E7 /* DTOGetMusic.m */,
				DEE8BDB2269C4341008073E7 /* BaseDTO.h */,
				DEE8BDB3269C4341008073E7 /* BaseDTO.m */,
			);
			path = DTO;
			sourceTree = "<group>";
		};
		DEFF01CD269A185F00A21F86 = {
			isa = PBXGroup;
			children = (
				DEFF01D8269A185F00A21F86 /* BCGMusicPLayyer */,
				DE8CC9B126A41F9B003F1CEE /* BCGMusicPlayyerUITest */,
				DEFF01D7269A185F00A21F86 /* Products */,
				AC8AA3D398ABB56565301817 /* Pods */,
				6E7D947C3CD6D24BE3B885BD /* Frameworks */,
			);
			sourceTree = "<group>";
		};
		DEFF01D7269A185F00A21F86 /* Products */ = {
			isa = PBXGroup;
			children = (
				DEFF01D6269A185F00A21F86 /* BCGMusicPLayyer.app */,
				DE8CC9B026A41F9B003F1CEE /* BCGMusicPlayyerUITest.xctest */,
			);
			name = Products;
			sourceTree = "<group>";
		};
		DEFF01D8269A185F00A21F86 /* BCGMusicPLayyer */ = {
			isa = PBXGroup;
			children = (
				DEE8BD84269C3BF1008073E7 /* API */,
				DEE8BD59269C39A6008073E7 /* Networking */,
				DED3FFB9269A1947009DA4D0 /* Storyboards */,
				DED3FFB8269A18FD009DA4D0 /* Views */,
				DED3FFB7269A18F8009DA4D0 /* Models */,
				DED3FFB6269A18F3009DA4D0 /* ViewModels */,
				DEFF01D9269A185F00A21F86 /* AppDelegate.h */,
				DEFF01DA269A185F00A21F86 /* AppDelegate.m */,
				DEFF01DC269A185F00A21F86 /* SceneDelegate.h */,
				DEFF01DD269A185F00A21F86 /* SceneDelegate.m */,
				DEFF01E7269A186000A21F86 /* LaunchScreen.storyboard */,
				DEFF01EA269A186000A21F86 /* Info.plist */,
				DEFF01EB269A186000A21F86 /* main.m */,
			);
			path = BCGMusicPLayyer;
			sourceTree = "<group>";
		};
/* End PBXGroup section */

/* Begin PBXNativeTarget section */
		DE8CC9AF26A41F9B003F1CEE /* BCGMusicPlayyerUITest */ = {
			isa = PBXNativeTarget;
			buildConfigurationList = DE8CC9B726A41F9B003F1CEE /* Build configuration list for PBXNativeTarget "BCGMusicPlayyerUITest" */;
			buildPhases = (
				37CCDA57EB940EFFF5F8EDBF /* [CP] Check Pods Manifest.lock */,
				DE8CC9AC26A41F9B003F1CEE /* Sources */,
				DE8CC9AD26A41F9B003F1CEE /* Frameworks */,
				DE8CC9AE26A41F9B003F1CEE /* Resources */,
			);
			buildRules = (
			);
			dependencies = (
				DE8CC9B626A41F9B003F1CEE /* PBXTargetDependency */,
			);
			name = BCGMusicPlayyerUITest;
			productName = BCGMusicPlayyerUITest;
			productReference = DE8CC9B026A41F9B003F1CEE /* BCGMusicPlayyerUITest.xctest */;
			productType = "com.apple.product-type.bundle.ui-testing";
		};
		DEFF01D5269A185F00A21F86 /* BCGMusicPLayyer */ = {
			isa = PBXNativeTarget;
			buildConfigurationList = DEFF0205269A186000A21F86 /* Build configuration list for PBXNativeTarget "BCGMusicPLayyer" */;
			buildPhases = (
				1B5F24E4433D42D8F50692BC /* [CP] Check Pods Manifest.lock */,
				DEFF01D2269A185F00A21F86 /* Sources */,
				DEFF01D3269A185F00A21F86 /* Frameworks */,
				DEFF01D4269A185F00A21F86 /* Resources */,
				DE8CC9D526A431E6003F1CEE /* Embed Frameworks */,
			);
			buildRules = (
			);
			dependencies = (
			);
			name = BCGMusicPLayyer;
			productName = BCGMusicPLayyer;
			productReference = DEFF01D6269A185F00A21F86 /* BCGMusicPLayyer.app */;
			productType = "com.apple.product-type.application";
		};
/* End PBXNativeTarget section */

/* Begin PBXProject section */
		DEFF01CE269A185F00A21F86 /* Project object */ = {
			isa = PBXProject;
			attributes = {
				LastUpgradeCheck = 1240;
				TargetAttributes = {
					DE8CC9AF26A41F9B003F1CEE = {
						CreatedOnToolsVersion = 12.4;
						TestTargetID = DEFF01D5269A185F00A21F86;
					};
					DEFF01D5269A185F00A21F86 = {
						CreatedOnToolsVersion = 12.4;
					};
				};
			};
			buildConfigurationList = DEFF01D1269A185F00A21F86 /* Build configuration list for PBXProject "BCGMusicPLayyer" */;
			compatibilityVersion = "Xcode 9.3";
			developmentRegion = en;
			hasScannedForEncodings = 0;
			knownRegions = (
				en,
				Base,
			);
			mainGroup = DEFF01CD269A185F00A21F86;
			productRefGroup = DEFF01D7269A185F00A21F86 /* Products */;
			projectDirPath = "";
			projectRoot = "";
			targets = (
				DEFF01D5269A185F00A21F86 /* BCGMusicPLayyer */,
				DE8CC9AF26A41F9B003F1CEE /* BCGMusicPlayyerUITest */,
			);
		};
/* End PBXProject section */

/* Begin PBXResourcesBuildPhase section */
		DE8CC9AE26A41F9B003F1CEE /* Resources */ = {
			isa = PBXResourcesBuildPhase;
			buildActionMask = 2147483647;
			files = (
			);
			runOnlyForDeploymentPostprocessing = 0;
		};
		DEFF01D4269A185F00A21F86 /* Resources */ = {
			isa = PBXResourcesBuildPhase;
			buildActionMask = 2147483647;
			files = (
				DEE8BD4C269C3934008073E7 /* MusicCardTableViewCell.xib in Resources */,
				DEFF01E9269A186000A21F86 /* LaunchScreen.storyboard in Resources */,
				DEFF01E4269A185F00A21F86 /* Main.storyboard in Resources */,
			);
			runOnlyForDeploymentPostprocessing = 0;
		};
/* End PBXResourcesBuildPhase section */

/* Begin PBXShellScriptBuildPhase section */
		1B5F24E4433D42D8F50692BC /* [CP] Check Pods Manifest.lock */ = {
			isa = PBXShellScriptBuildPhase;
			buildActionMask = 2147483647;
			files = (
			);
			inputFileListPaths = (
			);
			inputPaths = (
				"${PODS_PODFILE_DIR_PATH}/Podfile.lock",
				"${PODS_ROOT}/Manifest.lock",
			);
			name = "[CP] Check Pods Manifest.lock";
			outputFileListPaths = (
			);
			outputPaths = (
				"$(DERIVED_FILE_DIR)/Pods-BCGMusicPLayyer-checkManifestLockResult.txt",
			);
			runOnlyForDeploymentPostprocessing = 0;
			shellPath = /bin/sh;
			shellScript = "diff \"${PODS_PODFILE_DIR_PATH}/Podfile.lock\" \"${PODS_ROOT}/Manifest.lock\" > /dev/null\nif [ $? != 0 ] ; then\n    # print error to STDERR\n    echo \"error: The sandbox is not in sync with the Podfile.lock. Run 'pod install' or update your CocoaPods installation.\" >&2\n    exit 1\nfi\n# This output is used by Xcode 'outputs' to avoid re-running this script phase.\necho \"SUCCESS\" > \"${SCRIPT_OUTPUT_FILE_0}\"\n";
			showEnvVarsInLog = 0;
		};
		37CCDA57EB940EFFF5F8EDBF /* [CP] Check Pods Manifest.lock */ = {
			isa = PBXShellScriptBuildPhase;
			buildActionMask = 2147483647;
			files = (
			);
			inputFileListPaths = (
			);
			inputPaths = (
				"${PODS_PODFILE_DIR_PATH}/Podfile.lock",
				"${PODS_ROOT}/Manifest.lock",
			);
			name = "[CP] Check Pods Manifest.lock";
			outputFileListPaths = (
			);
			outputPaths = (
				"$(DERIVED_FILE_DIR)/Pods-BCGMusicPlayyerUITest-checkManifestLockResult.txt",
			);
			runOnlyForDeploymentPostprocessing = 0;
			shellPath = /bin/sh;
			shellScript = "diff \"${PODS_PODFILE_DIR_PATH}/Podfile.lock\" \"${PODS_ROOT}/Manifest.lock\" > /dev/null\nif [ $? != 0 ] ; then\n    # print error to STDERR\n    echo \"error: The sandbox is not in sync with the Podfile.lock. Run 'pod install' or update your CocoaPods installation.\" >&2\n    exit 1\nfi\n# This output is used by Xcode 'outputs' to avoid re-running this script phase.\necho \"SUCCESS\" > \"${SCRIPT_OUTPUT_FILE_0}\"\n";
			showEnvVarsInLog = 0;
		};
/* End PBXShellScriptBuildPhase section */

/* Begin PBXSourcesBuildPhase section */
		DE8CC9AC26A41F9B003F1CEE /* Sources */ = {
			isa = PBXSourcesBuildPhase;
			buildActionMask = 2147483647;
			files = (
				DE8CC9B326A41F9B003F1CEE /* BCGMusicPlayyerUITest.m in Sources */,
			);
			runOnlyForDeploymentPostprocessing = 0;
		};
		DEFF01D2269A185F00A21F86 /* Sources */ = {
			isa = PBXSourcesBuildPhase;
			buildActionMask = 2147483647;
			files = (
				DEE8BDB1269C42F5008073E7 /* DTOGetMusic.m in Sources */,
				DEE8BD8B269C3D66008073E7 /* BasicAPIRequestServices.m in Sources */,
				DEE8BD3F269C38C2008073E7 /* MusicCardTableViewCell.m in Sources */,
				DEFF01E1269A185F00A21F86 /* MainViewController.m in Sources */,
				DEDC5292269AFDDD006BF1CA /* MusicModel.m in Sources */,
				DEE8BD87269C3C04008073E7 /* GetMusicAPI.m in Sources */,
				DEFF01DB269A185F00A21F86 /* AppDelegate.m in Sources */,
				DEE8BD5E269C39E7008073E7 /* NetworkingObject.m in Sources */,
				DEFF01EC269A186000A21F86 /* main.m in Sources */,
				DEE8BD98269C3F8D008073E7 /* Serializer.m in Sources */,
				DEDC528E269AFDB3006BF1CA /* MainViewModel.m in Sources */,
				DEE8BDB4269C4341008073E7 /* BaseDTO.m in Sources */,
				DEFF01DE269A185F00A21F86 /* SceneDelegate.m in Sources */,
			);
			runOnlyForDeploymentPostprocessing = 0;
		};
/* End PBXSourcesBuildPhase section */

/* Begin PBXTargetDependency section */
		DE8CC9B626A41F9B003F1CEE /* PBXTargetDependency */ = {
			isa = PBXTargetDependency;
			target = DEFF01D5269A185F00A21F86 /* BCGMusicPLayyer */;
			targetProxy = DE8CC9B526A41F9B003F1CEE /* PBXContainerItemProxy */;
		};
/* End PBXTargetDependency section */

/* Begin PBXVariantGroup section */
		DEFF01E2269A185F00A21F86 /* Main.storyboard */ = {
			isa = PBXVariantGroup;
			children = (
				DEFF01E3269A185F00A21F86 /* Base */,
			);
			name = Main.storyboard;
			sourceTree = "<group>";
		};
		DEFF01E7269A186000A21F86 /* LaunchScreen.storyboard */ = {
			isa = PBXVariantGroup;
			children = (
				DEFF01E8269A186000A21F86 /* Base */,
			);
			name = LaunchScreen.storyboard;
			sourceTree = "<group>";
		};
/* End PBXVariantGroup section */

/* Begin XCBuildConfiguration section */
		DE8CC9B826A41F9B003F1CEE /* Debug */ = {
			isa = XCBuildConfiguration;
			baseConfigurationReference = 0C8D545C1A289C10D09C4B51 /* Pods-BCGMusicPlayyerUITest.debug.xcconfig */;
			buildSettings = {
				CODE_SIGN_STYLE = Automatic;
				DEVELOPMENT_TEAM = P9E3SV7XKM;
				INFOPLIST_FILE = BCGMusicPlayyerUITest/Info.plist;
				LD_RUNPATH_SEARCH_PATHS = (
					"$(inherited)",
					"@executable_path/Frameworks",
					"@loader_path/Frameworks",
				);
				PRODUCT_BUNDLE_IDENTIFIER = com.gid.BCGMusicPlayyerUITest;
				PRODUCT_NAME = "$(TARGET_NAME)";
				TARGETED_DEVICE_FAMILY = "1,2";
				TEST_TARGET_NAME = BCGMusicPLayyer;
			};
			name = Debug;
		};
		DE8CC9B926A41F9B003F1CEE /* Release */ = {
			isa = XCBuildConfiguration;
			baseConfigurationReference = 4B155342DEE783FF3B1A23F5 /* Pods-BCGMusicPlayyerUITest.release.xcconfig */;
			buildSettings = {
				CODE_SIGN_STYLE = Automatic;
				DEVELOPMENT_TEAM = P9E3SV7XKM;
				INFOPLIST_FILE = BCGMusicPlayyerUITest/Info.plist;
				LD_RUNPATH_SEARCH_PATHS = (
					"$(inherited)",
					"@executable_path/Frameworks",
					"@loader_path/Frameworks",
				);
				PRODUCT_BUNDLE_IDENTIFIER = com.gid.BCGMusicPlayyerUITest;
				PRODUCT_NAME = "$(TARGET_NAME)";
				TARGETED_DEVICE_FAMILY = "1,2";
				TEST_TARGET_NAME = BCGMusicPLayyer;
			};
			name = Release;
		};
		DEFF0203269A186000A21F86 /* Debug */ = {
			isa = XCBuildConfiguration;
			buildSettings = {
				ALWAYS_SEARCH_USER_PATHS = NO;
				CLANG_ANALYZER_NONNULL = YES;
				CLANG_ANALYZER_NUMBER_OBJECT_CONVERSION = YES_AGGRESSIVE;
				CLANG_CXX_LANGUAGE_STANDARD = "gnu++14";
				CLANG_CXX_LIBRARY = "libc++";
				CLANG_ENABLE_MODULES = YES;
				CLANG_ENABLE_OBJC_ARC = YES;
				CLANG_ENABLE_OBJC_WEAK = YES;
				CLANG_WARN_BLOCK_CAPTURE_AUTORELEASING = YES;
				CLANG_WARN_BOOL_CONVERSION = YES;
				CLANG_WARN_COMMA = YES;
				CLANG_WARN_CONSTANT_CONVERSION = YES;
				CLANG_WARN_DEPRECATED_OBJC_IMPLEMENTATIONS = YES;
				CLANG_WARN_DIRECT_OBJC_ISA_USAGE = YES_ERROR;
				CLANG_WARN_DOCUMENTATION_COMMENTS = YES;
				CLANG_WARN_EMPTY_BODY = YES;
				CLANG_WARN_ENUM_CONVERSION = YES;
				CLANG_WARN_INFINITE_RECURSION = YES;
				CLANG_WARN_INT_CONVERSION = YES;
				CLANG_WARN_NON_LITERAL_NULL_CONVERSION = YES;
				CLANG_WARN_OBJC_IMPLICIT_RETAIN_SELF = YES;
				CLANG_WARN_OBJC_LITERAL_CONVERSION = YES;
				CLANG_WARN_OBJC_ROOT_CLASS = YES_ERROR;
				CLANG_WARN_QUOTED_INCLUDE_IN_FRAMEWORK_HEADER = YES;
				CLANG_WARN_RANGE_LOOP_ANALYSIS = YES;
				CLANG_WARN_STRICT_PROTOTYPES = YES;
				CLANG_WARN_SUSPICIOUS_MOVE = YES;
				CLANG_WARN_UNGUARDED_AVAILABILITY = YES_AGGRESSIVE;
				CLANG_WARN_UNREACHABLE_CODE = YES;
				CLANG_WARN__DUPLICATE_METHOD_MATCH = YES;
				COPY_PHASE_STRIP = NO;
				DEBUG_INFORMATION_FORMAT = dwarf;
				ENABLE_STRICT_OBJC_MSGSEND = YES;
				ENABLE_TESTABILITY = YES;
				GCC_C_LANGUAGE_STANDARD = gnu11;
				GCC_DYNAMIC_NO_PIC = NO;
				GCC_NO_COMMON_BLOCKS = YES;
				GCC_OPTIMIZATION_LEVEL = 0;
				GCC_PREPROCESSOR_DEFINITIONS = (
					"DEBUG=1",
					"$(inherited)",
				);
				GCC_WARN_64_TO_32_BIT_CONVERSION = YES;
				GCC_WARN_ABOUT_RETURN_TYPE = YES_ERROR;
				GCC_WARN_UNDECLARED_SELECTOR = YES;
				GCC_WARN_UNINITIALIZED_AUTOS = YES_AGGRESSIVE;
				GCC_WARN_UNUSED_FUNCTION = YES;
				GCC_WARN_UNUSED_VARIABLE = YES;
				IPHONEOS_DEPLOYMENT_TARGET = 14.4;
				MTL_ENABLE_DEBUG_INFO = INCLUDE_SOURCE;
				MTL_FAST_MATH = YES;
				ONLY_ACTIVE_ARCH = YES;
				SDKROOT = iphoneos;
			};
			name = Debug;
		};
		DEFF0204269A186000A21F86 /* Release */ = {
			isa = XCBuildConfiguration;
			buildSettings = {
				ALWAYS_SEARCH_USER_PATHS = NO;
				CLANG_ANALYZER_NONNULL = YES;
				CLANG_ANALYZER_NUMBER_OBJECT_CONVERSION = YES_AGGRESSIVE;
				CLANG_CXX_LANGUAGE_STANDARD = "gnu++14";
				CLANG_CXX_LIBRARY = "libc++";
				CLANG_ENABLE_MODULES = YES;
				CLANG_ENABLE_OBJC_ARC = YES;
				CLANG_ENABLE_OBJC_WEAK = YES;
				CLANG_WARN_BLOCK_CAPTURE_AUTORELEASING = YES;
				CLANG_WARN_BOOL_CONVERSION = YES;
				CLANG_WARN_COMMA = YES;
				CLANG_WARN_CONSTANT_CONVERSION = YES;
				CLANG_WARN_DEPRECATED_OBJC_IMPLEMENTATIONS = YES;
				CLANG_WARN_DIRECT_OBJC_ISA_USAGE = YES_ERROR;
				CLANG_WARN_DOCUMENTATION_COMMENTS = YES;
				CLANG_WARN_EMPTY_BODY = YES;
				CLANG_WARN_ENUM_CONVERSION = YES;
				CLANG_WARN_INFINITE_RECURSION = YES;
				CLANG_WARN_INT_CONVERSION = YES;
				CLANG_WARN_NON_LITERAL_NULL_CONVERSION = YES;
				CLANG_WARN_OBJC_IMPLICIT_RETAIN_SELF = YES;
				CLANG_WARN_OBJC_LITERAL_CONVERSION = YES;
				CLANG_WARN_OBJC_ROOT_CLASS = YES_ERROR;
				CLANG_WARN_QUOTED_INCLUDE_IN_FRAMEWORK_HEADER = YES;
				CLANG_WARN_RANGE_LOOP_ANALYSIS = YES;
				CLANG_WARN_STRICT_PROTOTYPES = YES;
				CLANG_WARN_SUSPICIOUS_MOVE = YES;
				CLANG_WARN_UNGUARDED_AVAILABILITY = YES_AGGRESSIVE;
				CLANG_WARN_UNREACHABLE_CODE = YES;
				CLANG_WARN__DUPLICATE_METHOD_MATCH = YES;
				COPY_PHASE_STRIP = NO;
				DEBUG_INFORMATION_FORMAT = "dwarf-with-dsym";
				ENABLE_NS_ASSERTIONS = NO;
				ENABLE_STRICT_OBJC_MSGSEND = YES;
				GCC_C_LANGUAGE_STANDARD = gnu11;
				GCC_NO_COMMON_BLOCKS = YES;
				GCC_WARN_64_TO_32_BIT_CONVERSION = YES;
				GCC_WARN_ABOUT_RETURN_TYPE = YES_ERROR;
				GCC_WARN_UNDECLARED_SELECTOR = YES;
				GCC_WARN_UNINITIALIZED_AUTOS = YES_AGGRESSIVE;
				GCC_WARN_UNUSED_FUNCTION = YES;
				GCC_WARN_UNUSED_VARIABLE = YES;
				IPHONEOS_DEPLOYMENT_TARGET = 14.4;
				MTL_ENABLE_DEBUG_INFO = NO;
				MTL_FAST_MATH = YES;
				SDKROOT = iphoneos;
				VALIDATE_PRODUCT = YES;
			};
			name = Release;
		};
		DEFF0206269A186000A21F86 /* Debug */ = {
			isa = XCBuildConfiguration;
			baseConfigurationReference = 1C14B05C279D55799455FC60 /* Pods-BCGMusicPLayyer.debug.xcconfig */;
			buildSettings = {
				ASSETCATALOG_COMPILER_GLOBAL_ACCENT_COLOR_NAME = AccentColor;
				CODE_SIGN_STYLE = Automatic;
				DEVELOPMENT_TEAM = P9E3SV7XKM;
				INFOPLIST_FILE = BCGMusicPLayyer/Info.plist;
				IPHONEOS_DEPLOYMENT_TARGET = 10.0;
				LD_RUNPATH_SEARCH_PATHS = (
					"$(inherited)",
					"@executable_path/Frameworks",
				);
				PRODUCT_BUNDLE_IDENTIFIER = com.gid.BCGMusicPLayyer;
				PRODUCT_NAME = "$(TARGET_NAME)";
				TARGETED_DEVICE_FAMILY = 1;
			};
			name = Debug;
		};
		DEFF0207269A186000A21F86 /* Release */ = {
			isa = XCBuildConfiguration;
			baseConfigurationReference = 6F23884E54CD7D1A979B755A /* Pods-BCGMusicPLayyer.release.xcconfig */;
			buildSettings = {
				ASSETCATALOG_COMPILER_GLOBAL_ACCENT_COLOR_NAME = AccentColor;
				CODE_SIGN_STYLE = Automatic;
				DEVELOPMENT_TEAM = P9E3SV7XKM;
				INFOPLIST_FILE = BCGMusicPLayyer/Info.plist;
				IPHONEOS_DEPLOYMENT_TARGET = 10.0;
				LD_RUNPATH_SEARCH_PATHS = (
					"$(inherited)",
					"@executable_path/Frameworks",
				);
				PRODUCT_BUNDLE_IDENTIFIER = com.gid.BCGMusicPLayyer;
				PRODUCT_NAME = "$(TARGET_NAME)";
				TARGETED_DEVICE_FAMILY = 1;
			};
			name = Release;
		};
/* End XCBuildConfiguration section */

/* Begin XCConfigurationList section */
		DE8CC9B726A41F9B003F1CEE /* Build configuration list for PBXNativeTarget "BCGMusicPlayyerUITest" */ = {
			isa = XCConfigurationList;
			buildConfigurations = (
				DE8CC9B826A41F9B003F1CEE /* Debug */,
				DE8CC9B926A41F9B003F1CEE /* Release */,
			);
			defaultConfigurationIsVisible = 0;
			defaultConfigurationName = Release;
		};
		DEFF01D1269A185F00A21F86 /* Build configuration list for PBXProject "BCGMusicPLayyer" */ = {
			isa = XCConfigurationList;
			buildConfigurations = (
				DEFF0203269A186000A21F86 /* Debug */,
				DEFF0204269A186000A21F86 /* Release */,
			);
			defaultConfigurationIsVisible = 0;
			defaultConfigurationName = Release;
		};
		DEFF0205269A186000A21F86 /* Build configuration list for PBXNativeTarget "BCGMusicPLayyer" */ = {
			isa = XCConfigurationList;
			buildConfigurations = (
				DEFF0206269A186000A21F86 /* Debug */,
				DEFF0207269A186000A21F86 /* Release */,
			);
			defaultConfigurationIsVisible = 0;
			defaultConfigurationName = Release;
		};
/* End XCConfigurationList section */
	};
	rootObject = DEFF01CE269A185F00A21F86 /* Project object */;
}
